
Microsoft Visual Studio Solution File, Format Version 12.00
# Visual Studio Version 16
VisualStudioVersion = 16.0.30509.190
MinimumVisualStudioVersion = 10.0.40219.1
Project("{9A19103F-16F7-4668-BE54-9A1E7A4F7556}") = "SwitchStateSample", "SwitchStateSample.csproj", "{BE487AC5-22E4-4A16-A22E-20C1F2B0BD84}"
EndProject
Global
	GlobalSection(SolutionConfigurationPlatforms) = preSolution
		Debug|Any CPU = Debug|Any CPU
		Release|Any CPU = Release|Any CPU
	EndGlobalSection
	GlobalSection(ProjectConfigurationPlatforms) = postSolution
		{BE487AC5-22E4-4A16-A22E-20C1F2B0BD84}.Debug|Any CPU.ActiveCfg = Debug|Any CPU
		{BE487AC5-22E4-4A16-A22E-20C1F2B0BD84}.Debug|Any CPU.Build.0 = Debug|Any CPU
		{BE487AC5-22E4-4A16-A22E-20C1F2B0BD84}.Release|Any CPU.ActiveCfg = Release|Any CPU
		{BE487AC5-22E4-4A16-A22E-20C1F2B0BD84}.Release|Any CPU.Build.0 = Release|Any CPU
	EndGlobalSection
	GlobalSection(SolutionProperties) = preSolution
		HideSolutionNode = FALSE
	EndGlobalSection
	GlobalSection(ExtensibilityGlobals) = postSolution
		SolutionGuid = {66FFCE3E-5F66-4554-9684-BBAFA5DAC976}
	EndGlobalSection
EndGlobal
